// !$*UTF8*$!
{
	archiveVersion = 1;
	classes = {
	};
	objectVersion = 50;
	objects = {

/* Begin PBXBuildFile section */
		251B4DBD22F78F630085BB76 /* Business.swift in Sources */ = {isa = PBXBuildFile; fileRef = 251B4DBC22F78F630085BB76 /* Business.swift */; };
		251B4DBF22F7922F0085BB76 /* Deal.swift in Sources */ = {isa = PBXBuildFile; fileRef = 251B4DBE22F7922F0085BB76 /* Deal.swift */; };
		251B4DC122F792EB0085BB76 /* Reward.swift in Sources */ = {isa = PBXBuildFile; fileRef = 251B4DC022F792EB0085BB76 /* Reward.swift */; };
		25C4ADC022E94C83007A7768 /* VisitedViewController.swift in Sources */ = {isa = PBXBuildFile; fileRef = 25C4ADBF22E94C83007A7768 /* VisitedViewController.swift */; };
		4C164A6D22F7BD3300C0733E /* PaymentTableViewController.swift in Sources */ = {isa = PBXBuildFile; fileRef = 4C164A6C22F7BD3300C0733E /* PaymentTableViewController.swift */; };
		4C3B45A822EE5B740040C2C4 /* UserInfoHeader.swift in Sources */ = {isa = PBXBuildFile; fileRef = 4C3B45A722EE5B740040C2C4 /* UserInfoHeader.swift */; };
		4C3B45AC22EE62EA0040C2C4 /* SettingsSection.swift in Sources */ = {isa = PBXBuildFile; fileRef = 4C3B45AB22EE62EA0040C2C4 /* SettingsSection.swift */; };
		4C3B45AE22EF60650040C2C4 /* ProfileTableViewController.swift in Sources */ = {isa = PBXBuildFile; fileRef = 4C3B45AD22EF60650040C2C4 /* ProfileTableViewController.swift */; };
		4C8ECFDE22F67FD600100FD8 /* HistoryTableViewController.swift in Sources */ = {isa = PBXBuildFile; fileRef = 4C8ECFDD22F67FD600100FD8 /* HistoryTableViewController.swift */; };
		4C8ECFE022F6803B00100FD8 /* HistoryTableViewCell.swift in Sources */ = {isa = PBXBuildFile; fileRef = 4C8ECFDF22F6803B00100FD8 /* HistoryTableViewCell.swift */; };
		4C8ECFE222F6806F00100FD8 /* TransactionHistory.swift in Sources */ = {isa = PBXBuildFile; fileRef = 4C8ECFE122F6806F00100FD8 /* TransactionHistory.swift */; };
		4C8ECFE722F7905900100FD8 /* Payment.swift in Sources */ = {isa = PBXBuildFile; fileRef = 4C8ECFE622F7905900100FD8 /* Payment.swift */; };
		4C8ECFE922F7911300100FD8 /* PaymentTableViewCell.swift in Sources */ = {isa = PBXBuildFile; fileRef = 4C8ECFE822F7911300100FD8 /* PaymentTableViewCell.swift */; };
		BA04709622F3D7ED00446C39 /* Post.swift in Sources */ = {isa = PBXBuildFile; fileRef = BA04709522F3D7ED00446C39 /* Post.swift */; };
		BA04709822F3D89C00446C39 /* PostTableViewCell.swift in Sources */ = {isa = PBXBuildFile; fileRef = BA04709722F3D89C00446C39 /* PostTableViewCell.swift */; };
		BA25871922F414FE000B80D6 /* EatIconsTableViewCell.swift in Sources */ = {isa = PBXBuildFile; fileRef = BA25871822F414FE000B80D6 /* EatIconsTableViewCell.swift */; };
		BA25871B22F419B4000B80D6 /* EatIconsCollectionViewCell.swift in Sources */ = {isa = PBXBuildFile; fileRef = BA25871A22F419B4000B80D6 /* EatIconsCollectionViewCell.swift */; };
		BA25871D22F41E79000B80D6 /* ShopIconsTableViewCell.swift in Sources */ = {isa = PBXBuildFile; fileRef = BA25871C22F41E79000B80D6 /* ShopIconsTableViewCell.swift */; };
		BA25871F22F41F2C000B80D6 /* ShopIconsCollectionViewCell.swift in Sources */ = {isa = PBXBuildFile; fileRef = BA25871E22F41F2C000B80D6 /* ShopIconsCollectionViewCell.swift */; };
		BA25872122F4DFD1000B80D6 /* PostCollectionViewCell.swift in Sources */ = {isa = PBXBuildFile; fileRef = BA25872022F4DFD1000B80D6 /* PostCollectionViewCell.swift */; };
		F12DDC7C22E57E07008114D7 /* ProfileTableViewCell.swift in Sources */ = {isa = PBXBuildFile; fileRef = F12DDC7B22E57E07008114D7 /* ProfileTableViewCell.swift */; };
		F12DDC7E22E57E13008114D7 /* SettingsLabelTableViewController.swift in Sources */ = {isa = PBXBuildFile; fileRef = F12DDC7D22E57E13008114D7 /* SettingsLabelTableViewController.swift */; };
		F19078D922E9543500101213 /* defaultRestImage.png in Resources */ = {isa = PBXBuildFile; fileRef = F19078D822E9543500101213 /* defaultRestImage.png */; };
		F1EEDD5022E93E3D00DEC2E6 /* Restaurant.swift in Sources */ = {isa = PBXBuildFile; fileRef = F1EEDD4F22E93E3D00DEC2E6 /* Restaurant.swift */; };
		F1EEDD5222E93E4400DEC2E6 /* RestaurantTableViewCell.swift in Sources */ = {isa = PBXBuildFile; fileRef = F1EEDD5122E93E4400DEC2E6 /* RestaurantTableViewCell.swift */; };
		F1F8BD2F22DD829C00075D33 /* AppDelegate.swift in Sources */ = {isa = PBXBuildFile; fileRef = F1F8BD2E22DD829C00075D33 /* AppDelegate.swift */; };
		F1F8BD3122DD829C00075D33 /* FeedViewController.swift in Sources */ = {isa = PBXBuildFile; fileRef = F1F8BD3022DD829C00075D33 /* FeedViewController.swift */; };
		F1F8BD3422DD829C00075D33 /* Main.storyboard in Resources */ = {isa = PBXBuildFile; fileRef = F1F8BD3222DD829C00075D33 /* Main.storyboard */; };
		F1F8BD3622DD82A300075D33 /* Assets.xcassets in Resources */ = {isa = PBXBuildFile; fileRef = F1F8BD3522DD82A300075D33 /* Assets.xcassets */; };
		F1F8BD3922DD82A300075D33 /* LaunchScreen.storyboard in Resources */ = {isa = PBXBuildFile; fileRef = F1F8BD3722DD82A300075D33 /* LaunchScreen.storyboard */; };
		F1F8BD4422DD82A300075D33 /* KronaTests.swift in Sources */ = {isa = PBXBuildFile; fileRef = F1F8BD4322DD82A300075D33 /* KronaTests.swift */; };
		F1F8BD4F22DD82A300075D33 /* KronaUITests.swift in Sources */ = {isa = PBXBuildFile; fileRef = F1F8BD4E22DD82A300075D33 /* KronaUITests.swift */; };
		F1F8BD5D22DD892F00075D33 /* ReferralsViewController.swift in Sources */ = {isa = PBXBuildFile; fileRef = F1F8BD5C22DD892F00075D33 /* ReferralsViewController.swift */; };
/* End PBXBuildFile section */

/* Begin PBXContainerItemProxy section */
		F1F8BD4022DD82A300075D33 /* PBXContainerItemProxy */ = {
			isa = PBXContainerItemProxy;
			containerPortal = F1F8BD2322DD829C00075D33 /* Project object */;
			proxyType = 1;
			remoteGlobalIDString = F1F8BD2A22DD829C00075D33;
			remoteInfo = Krona;
		};
		F1F8BD4B22DD82A300075D33 /* PBXContainerItemProxy */ = {
			isa = PBXContainerItemProxy;
			containerPortal = F1F8BD2322DD829C00075D33 /* Project object */;
			proxyType = 1;
			remoteGlobalIDString = F1F8BD2A22DD829C00075D33;
			remoteInfo = Krona;
		};
/* End PBXContainerItemProxy section */

/* Begin PBXFileReference section */
		251B4DBC22F78F630085BB76 /* Business.swift */ = {isa = PBXFileReference; lastKnownFileType = sourcecode.swift; name = Business.swift; path = Krona/Business.swift; sourceTree = SOURCE_ROOT; };
		251B4DBE22F7922F0085BB76 /* Deal.swift */ = {isa = PBXFileReference; lastKnownFileType = sourcecode.swift; path = Deal.swift; sourceTree = "<group>"; };
		251B4DC022F792EB0085BB76 /* Reward.swift */ = {isa = PBXFileReference; lastKnownFileType = sourcecode.swift; path = Reward.swift; sourceTree = "<group>"; };
		25C4ADBF22E94C83007A7768 /* VisitedViewController.swift */ = {isa = PBXFileReference; fileEncoding = 4; lastKnownFileType = sourcecode.swift; path = VisitedViewController.swift; sourceTree = "<group>"; };
		4C164A6C22F7BD3300C0733E /* PaymentTableViewController.swift */ = {isa = PBXFileReference; lastKnownFileType = sourcecode.swift; path = PaymentTableViewController.swift; sourceTree = "<group>"; };
		4C3B45A722EE5B740040C2C4 /* UserInfoHeader.swift */ = {isa = PBXFileReference; lastKnownFileType = sourcecode.swift; path = UserInfoHeader.swift; sourceTree = "<group>"; };
		4C3B45AB22EE62EA0040C2C4 /* SettingsSection.swift */ = {isa = PBXFileReference; lastKnownFileType = sourcecode.swift; path = SettingsSection.swift; sourceTree = "<group>"; };
		4C3B45AD22EF60650040C2C4 /* ProfileTableViewController.swift */ = {isa = PBXFileReference; lastKnownFileType = sourcecode.swift; path = ProfileTableViewController.swift; sourceTree = "<group>"; };
		4C8ECFDD22F67FD600100FD8 /* HistoryTableViewController.swift */ = {isa = PBXFileReference; lastKnownFileType = sourcecode.swift; path = HistoryTableViewController.swift; sourceTree = "<group>"; };
		4C8ECFDF22F6803B00100FD8 /* HistoryTableViewCell.swift */ = {isa = PBXFileReference; lastKnownFileType = sourcecode.swift; path = HistoryTableViewCell.swift; sourceTree = "<group>"; };
		4C8ECFE122F6806F00100FD8 /* TransactionHistory.swift */ = {isa = PBXFileReference; lastKnownFileType = sourcecode.swift; path = TransactionHistory.swift; sourceTree = "<group>"; };
		4C8ECFE622F7905900100FD8 /* Payment.swift */ = {isa = PBXFileReference; lastKnownFileType = sourcecode.swift; path = Payment.swift; sourceTree = "<group>"; };
		4C8ECFE822F7911300100FD8 /* PaymentTableViewCell.swift */ = {isa = PBXFileReference; lastKnownFileType = sourcecode.swift; path = PaymentTableViewCell.swift; sourceTree = "<group>"; };
		BA04709522F3D7ED00446C39 /* Post.swift */ = {isa = PBXFileReference; lastKnownFileType = sourcecode.swift; path = Post.swift; sourceTree = "<group>"; };
		BA04709722F3D89C00446C39 /* PostTableViewCell.swift */ = {isa = PBXFileReference; lastKnownFileType = sourcecode.swift; path = PostTableViewCell.swift; sourceTree = "<group>"; };
		BA25871822F414FE000B80D6 /* EatIconsTableViewCell.swift */ = {isa = PBXFileReference; lastKnownFileType = sourcecode.swift; path = EatIconsTableViewCell.swift; sourceTree = "<group>"; };
		BA25871A22F419B4000B80D6 /* EatIconsCollectionViewCell.swift */ = {isa = PBXFileReference; lastKnownFileType = sourcecode.swift; name = EatIconsCollectionViewCell.swift; path = ../../EatIconsCollectionViewCell.swift; sourceTree = "<group>"; };
		BA25871C22F41E79000B80D6 /* ShopIconsTableViewCell.swift */ = {isa = PBXFileReference; lastKnownFileType = sourcecode.swift; name = ShopIconsTableViewCell.swift; path = ../../ShopIconsTableViewCell.swift; sourceTree = "<group>"; };
		BA25871E22F41F2C000B80D6 /* ShopIconsCollectionViewCell.swift */ = {isa = PBXFileReference; lastKnownFileType = sourcecode.swift; path = ShopIconsCollectionViewCell.swift; sourceTree = "<group>"; };
		BA25872022F4DFD1000B80D6 /* PostCollectionViewCell.swift */ = {isa = PBXFileReference; lastKnownFileType = sourcecode.swift; path = PostCollectionViewCell.swift; sourceTree = "<group>"; };
		F12DDC7B22E57E07008114D7 /* ProfileTableViewCell.swift */ = {isa = PBXFileReference; fileEncoding = 4; lastKnownFileType = sourcecode.swift; path = ProfileTableViewCell.swift; sourceTree = "<group>"; };
		F12DDC7D22E57E13008114D7 /* SettingsLabelTableViewController.swift */ = {isa = PBXFileReference; fileEncoding = 4; lastKnownFileType = sourcecode.swift; path = SettingsLabelTableViewController.swift; sourceTree = "<group>"; };
		F19078D822E9543500101213 /* defaultRestImage.png */ = {isa = PBXFileReference; lastKnownFileType = image.png; path = defaultRestImage.png; sourceTree = "<group>"; };
		F1EEDD4F22E93E3D00DEC2E6 /* Restaurant.swift */ = {isa = PBXFileReference; fileEncoding = 4; lastKnownFileType = sourcecode.swift; path = Restaurant.swift; sourceTree = "<group>"; };
		F1EEDD5122E93E4400DEC2E6 /* RestaurantTableViewCell.swift */ = {isa = PBXFileReference; fileEncoding = 4; lastKnownFileType = sourcecode.swift; path = RestaurantTableViewCell.swift; sourceTree = "<group>"; };
		F1F8BD2B22DD829C00075D33 /* Krona.app */ = {isa = PBXFileReference; explicitFileType = wrapper.application; includeInIndex = 0; path = Krona.app; sourceTree = BUILT_PRODUCTS_DIR; };
		F1F8BD2E22DD829C00075D33 /* AppDelegate.swift */ = {isa = PBXFileReference; lastKnownFileType = sourcecode.swift; path = AppDelegate.swift; sourceTree = "<group>"; };
		F1F8BD3022DD829C00075D33 /* FeedViewController.swift */ = {isa = PBXFileReference; lastKnownFileType = sourcecode.swift; path = FeedViewController.swift; sourceTree = "<group>"; };
		F1F8BD3322DD829C00075D33 /* Base */ = {isa = PBXFileReference; lastKnownFileType = file.storyboard; name = Base; path = Base.lproj/Main.storyboard; sourceTree = "<group>"; };
		F1F8BD3522DD82A300075D33 /* Assets.xcassets */ = {isa = PBXFileReference; lastKnownFileType = folder.assetcatalog; path = Assets.xcassets; sourceTree = "<group>"; };
		F1F8BD3822DD82A300075D33 /* Base */ = {isa = PBXFileReference; lastKnownFileType = file.storyboard; name = Base; path = Base.lproj/LaunchScreen.storyboard; sourceTree = "<group>"; };
		F1F8BD3A22DD82A300075D33 /* Info.plist */ = {isa = PBXFileReference; lastKnownFileType = text.plist.xml; path = Info.plist; sourceTree = "<group>"; };
		F1F8BD3F22DD82A300075D33 /* KronaTests.xctest */ = {isa = PBXFileReference; explicitFileType = wrapper.cfbundle; includeInIndex = 0; path = KronaTests.xctest; sourceTree = BUILT_PRODUCTS_DIR; };
		F1F8BD4322DD82A300075D33 /* KronaTests.swift */ = {isa = PBXFileReference; lastKnownFileType = sourcecode.swift; path = KronaTests.swift; sourceTree = "<group>"; };
		F1F8BD4522DD82A300075D33 /* Info.plist */ = {isa = PBXFileReference; lastKnownFileType = text.plist.xml; path = Info.plist; sourceTree = "<group>"; };
		F1F8BD4A22DD82A300075D33 /* KronaUITests.xctest */ = {isa = PBXFileReference; explicitFileType = wrapper.cfbundle; includeInIndex = 0; path = KronaUITests.xctest; sourceTree = BUILT_PRODUCTS_DIR; };
		F1F8BD4E22DD82A300075D33 /* KronaUITests.swift */ = {isa = PBXFileReference; lastKnownFileType = sourcecode.swift; path = KronaUITests.swift; sourceTree = "<group>"; };
		F1F8BD5022DD82A300075D33 /* Info.plist */ = {isa = PBXFileReference; lastKnownFileType = text.plist.xml; path = Info.plist; sourceTree = "<group>"; };
		F1F8BD5C22DD892F00075D33 /* ReferralsViewController.swift */ = {isa = PBXFileReference; lastKnownFileType = sourcecode.swift; path = ReferralsViewController.swift; sourceTree = "<group>"; };
/* End PBXFileReference section */

/* Begin PBXFrameworksBuildPhase section */
		F1F8BD2822DD829C00075D33 /* Frameworks */ = {
			isa = PBXFrameworksBuildPhase;
			buildActionMask = 2147483647;
			files = (
			);
			runOnlyForDeploymentPostprocessing = 0;
		};
		F1F8BD3C22DD82A300075D33 /* Frameworks */ = {
			isa = PBXFrameworksBuildPhase;
			buildActionMask = 2147483647;
			files = (
			);
			runOnlyForDeploymentPostprocessing = 0;
		};
		F1F8BD4722DD82A300075D33 /* Frameworks */ = {
			isa = PBXFrameworksBuildPhase;
			buildActionMask = 2147483647;
			files = (
			);
			runOnlyForDeploymentPostprocessing = 0;
		};
/* End PBXFrameworksBuildPhase section */

/* Begin PBXGroup section */
		4C164A6B22F7BAAB00C0733E /* Payment */ = {
			isa = PBXGroup;
			children = (
				4C8ECFE622F7905900100FD8 /* Payment.swift */,
				4C8ECFE822F7911300100FD8 /* PaymentTableViewCell.swift */,
				4C164A6C22F7BD3300C0733E /* PaymentTableViewController.swift */,
			);
			path = Payment;
			sourceTree = "<group>";
		};
		4C3B45A322EE53AC0040C2C4 /* Settings */ = {
			isa = PBXGroup;
			children = (
				F12DDC7B22E57E07008114D7 /* ProfileTableViewCell.swift */,
				4C3B45A722EE5B740040C2C4 /* UserInfoHeader.swift */,
				4C3B45AD22EF60650040C2C4 /* ProfileTableViewController.swift */,
				4C164A6B22F7BAAB00C0733E /* Payment */,
				4C8ECFE322F7834300100FD8 /* Transaction History */,
			);
			path = Settings;
			sourceTree = "<group>";
		};
		4C3B45A422EE53CD0040C2C4 /* Feed */ = {
			isa = PBXGroup;
			children = (
				F1F8BD3022DD829C00075D33 /* FeedViewController.swift */,
				BA25871822F414FE000B80D6 /* EatIconsTableViewCell.swift */,
				BA25871A22F419B4000B80D6 /* EatIconsCollectionViewCell.swift */,
				BA25871C22F41E79000B80D6 /* ShopIconsTableViewCell.swift */,
				BA25871E22F41F2C000B80D6 /* ShopIconsCollectionViewCell.swift */,
				BA04709722F3D89C00446C39 /* PostTableViewCell.swift */,
				BA25872022F4DFD1000B80D6 /* PostCollectionViewCell.swift */,
				BA04709522F3D7ED00446C39 /* Post.swift */,
			);
			path = Feed;
			sourceTree = "<group>";
		};
		4C3B45A522EE53DB0040C2C4 /* Referrals */ = {
			isa = PBXGroup;
			children = (
				F1F8BD5C22DD892F00075D33 /* ReferralsViewController.swift */,
			);
			path = Referrals;
			sourceTree = "<group>";
		};
		4C3B45A622EE53E90040C2C4 /* Visited */ = {
			isa = PBXGroup;
			children = (
				25C4ADBF22E94C83007A7768 /* VisitedViewController.swift */,
				F1EEDD5122E93E4400DEC2E6 /* RestaurantTableViewCell.swift */,
				F1EEDD4F22E93E3D00DEC2E6 /* Restaurant.swift */,
			);
			path = Visited;
			sourceTree = "<group>";
		};
		4C3B45AF22EF64B00040C2C4 /* Ded */ = {
			isa = PBXGroup;
			children = (
				F12DDC7D22E57E13008114D7 /* SettingsLabelTableViewController.swift */,
				4C3B45AB22EE62EA0040C2C4 /* SettingsSection.swift */,
			);
			path = Ded;
			sourceTree = "<group>";
		};
		4C8ECFE322F7834300100FD8 /* Transaction History */ = {
			isa = PBXGroup;
			children = (
				4C8ECFDD22F67FD600100FD8 /* HistoryTableViewController.swift */,
				4C8ECFDF22F6803B00100FD8 /* HistoryTableViewCell.swift */,
				4C8ECFE122F6806F00100FD8 /* TransactionHistory.swift */,
			);
			path = "Transaction History";
			sourceTree = "<group>";
		};
		F1F8BD2222DD829C00075D33 = {
			isa = PBXGroup;
			children = (
				F1F8BD2E22DD829C00075D33 /* AppDelegate.swift */,
				F1F8BD2D22DD829C00075D33 /* Krona */,
				F1F8BD4222DD82A300075D33 /* KronaTests */,
				F1F8BD4D22DD82A300075D33 /* KronaUITests */,
				F1F8BD2C22DD829C00075D33 /* Products */,
			);
			sourceTree = "<group>";
		};
		F1F8BD2C22DD829C00075D33 /* Products */ = {
			isa = PBXGroup;
			children = (
				F1F8BD2B22DD829C00075D33 /* Krona.app */,
				F1F8BD3F22DD82A300075D33 /* KronaTests.xctest */,
				F1F8BD4A22DD82A300075D33 /* KronaUITests.xctest */,
			);
			name = Products;
			sourceTree = "<group>";
		};
		F1F8BD2D22DD829C00075D33 /* Krona */ = {
			isa = PBXGroup;
			children = (
				251B4DBC22F78F630085BB76 /* Business.swift */,
				251B4DBE22F7922F0085BB76 /* Deal.swift */,
				251B4DC022F792EB0085BB76 /* Reward.swift */,
				4C3B45AF22EF64B00040C2C4 /* Ded */,
				4C3B45A622EE53E90040C2C4 /* Visited */,
				4C3B45A522EE53DB0040C2C4 /* Referrals */,
				4C3B45A422EE53CD0040C2C4 /* Feed */,
				4C3B45A322EE53AC0040C2C4 /* Settings */,
				F1F8BD3522DD82A300075D33 /* Assets.xcassets */,
				F1F8BD3222DD829C00075D33 /* Main.storyboard */,
				F19078D822E9543500101213 /* defaultRestImage.png */,
				F1F8BD3722DD82A300075D33 /* LaunchScreen.storyboard */,
				F1F8BD3A22DD82A300075D33 /* Info.plist */,
			);
			path = Krona;
			sourceTree = "<group>";
		};
		F1F8BD4222DD82A300075D33 /* KronaTests */ = {
			isa = PBXGroup;
			children = (
				F1F8BD4322DD82A300075D33 /* KronaTests.swift */,
				F1F8BD4522DD82A300075D33 /* Info.plist */,
			);
			path = KronaTests;
			sourceTree = "<group>";
		};
		F1F8BD4D22DD82A300075D33 /* KronaUITests */ = {
			isa = PBXGroup;
			children = (
				F1F8BD4E22DD82A300075D33 /* KronaUITests.swift */,
				F1F8BD5022DD82A300075D33 /* Info.plist */,
			);
			path = KronaUITests;
			sourceTree = "<group>";
		};
/* End PBXGroup section */

/* Begin PBXNativeTarget section */
		F1F8BD2A22DD829C00075D33 /* Krona */ = {
			isa = PBXNativeTarget;
			buildConfigurationList = F1F8BD5322DD82A300075D33 /* Build configuration list for PBXNativeTarget "Krona" */;
			buildPhases = (
				F1F8BD2722DD829C00075D33 /* Sources */,
				F1F8BD2822DD829C00075D33 /* Frameworks */,
				F1F8BD2922DD829C00075D33 /* Resources */,
			);
			buildRules = (
			);
			dependencies = (
			);
			name = Krona;
			productName = Krona;
			productReference = F1F8BD2B22DD829C00075D33 /* Krona.app */;
			productType = "com.apple.product-type.application";
		};
		F1F8BD3E22DD82A300075D33 /* KronaTests */ = {
			isa = PBXNativeTarget;
			buildConfigurationList = F1F8BD5622DD82A300075D33 /* Build configuration list for PBXNativeTarget "KronaTests" */;
			buildPhases = (
				F1F8BD3B22DD82A300075D33 /* Sources */,
				F1F8BD3C22DD82A300075D33 /* Frameworks */,
				F1F8BD3D22DD82A300075D33 /* Resources */,
			);
			buildRules = (
			);
			dependencies = (
				F1F8BD4122DD82A300075D33 /* PBXTargetDependency */,
			);
			name = KronaTests;
			productName = KronaTests;
			productReference = F1F8BD3F22DD82A300075D33 /* KronaTests.xctest */;
			productType = "com.apple.product-type.bundle.unit-test";
		};
		F1F8BD4922DD82A300075D33 /* KronaUITests */ = {
			isa = PBXNativeTarget;
			buildConfigurationList = F1F8BD5922DD82A300075D33 /* Build configuration list for PBXNativeTarget "KronaUITests" */;
			buildPhases = (
				F1F8BD4622DD82A300075D33 /* Sources */,
				F1F8BD4722DD82A300075D33 /* Frameworks */,
				F1F8BD4822DD82A300075D33 /* Resources */,
			);
			buildRules = (
			);
			dependencies = (
				F1F8BD4C22DD82A300075D33 /* PBXTargetDependency */,
			);
			name = KronaUITests;
			productName = KronaUITests;
			productReference = F1F8BD4A22DD82A300075D33 /* KronaUITests.xctest */;
			productType = "com.apple.product-type.bundle.ui-testing";
		};
/* End PBXNativeTarget section */

/* Begin PBXProject section */
		F1F8BD2322DD829C00075D33 /* Project object */ = {
			isa = PBXProject;
			attributes = {
				LastSwiftUpdateCheck = 1020;
				LastUpgradeCheck = 1020;
				ORGANIZATIONNAME = "Krona Technologies Incorporated";
				TargetAttributes = {
					F1F8BD2A22DD829C00075D33 = {
						CreatedOnToolsVersion = 10.2.1;
					};
					F1F8BD3E22DD82A300075D33 = {
						CreatedOnToolsVersion = 10.2.1;
						TestTargetID = F1F8BD2A22DD829C00075D33;
					};
					F1F8BD4922DD82A300075D33 = {
						CreatedOnToolsVersion = 10.2.1;
						TestTargetID = F1F8BD2A22DD829C00075D33;
					};
				};
			};
			buildConfigurationList = F1F8BD2622DD829C00075D33 /* Build configuration list for PBXProject "Krona" */;
			compatibilityVersion = "Xcode 9.3";
			developmentRegion = en;
			hasScannedForEncodings = 0;
			knownRegions = (
				en,
				Base,
			);
			mainGroup = F1F8BD2222DD829C00075D33;
			productRefGroup = F1F8BD2C22DD829C00075D33 /* Products */;
			projectDirPath = "";
			projectRoot = "";
			targets = (
				F1F8BD2A22DD829C00075D33 /* Krona */,
				F1F8BD3E22DD82A300075D33 /* KronaTests */,
				F1F8BD4922DD82A300075D33 /* KronaUITests */,
			);
		};
/* End PBXProject section */

/* Begin PBXResourcesBuildPhase section */
		F1F8BD2922DD829C00075D33 /* Resources */ = {
			isa = PBXResourcesBuildPhase;
			buildActionMask = 2147483647;
			files = (
				F1F8BD3922DD82A300075D33 /* LaunchScreen.storyboard in Resources */,
				F19078D922E9543500101213 /* defaultRestImage.png in Resources */,
				F1F8BD3622DD82A300075D33 /* Assets.xcassets in Resources */,
				F1F8BD3422DD829C00075D33 /* Main.storyboard in Resources */,
			);
			runOnlyForDeploymentPostprocessing = 0;
		};
		F1F8BD3D22DD82A300075D33 /* Resources */ = {
			isa = PBXResourcesBuildPhase;
			buildActionMask = 2147483647;
			files = (
			);
			runOnlyForDeploymentPostprocessing = 0;
		};
		F1F8BD4822DD82A300075D33 /* Resources */ = {
			isa = PBXResourcesBuildPhase;
			buildActionMask = 2147483647;
			files = (
			);
			runOnlyForDeploymentPostprocessing = 0;
		};
/* End PBXResourcesBuildPhase section */

/* Begin PBXSourcesBuildPhase section */
		F1F8BD2722DD829C00075D33 /* Sources */ = {
			isa = PBXSourcesBuildPhase;
			buildActionMask = 2147483647;
			files = (
				4C8ECFDE22F67FD600100FD8 /* HistoryTableViewController.swift in Sources */,
				BA25871D22F41E79000B80D6 /* ShopIconsTableViewCell.swift in Sources */,
				F1F8BD5D22DD892F00075D33 /* ReferralsViewController.swift in Sources */,
				F12DDC7C22E57E07008114D7 /* ProfileTableViewCell.swift in Sources */,
				4C164A6D22F7BD3300C0733E /* PaymentTableViewController.swift in Sources */,
				251B4DC122F792EB0085BB76 /* Reward.swift in Sources */,
				BA04709822F3D89C00446C39 /* PostTableViewCell.swift in Sources */,
				BA25871B22F419B4000B80D6 /* EatIconsCollectionViewCell.swift in Sources */,
				251B4DBF22F7922F0085BB76 /* Deal.swift in Sources */,
				BA25871922F414FE000B80D6 /* EatIconsTableViewCell.swift in Sources */,
				4C3B45AC22EE62EA0040C2C4 /* SettingsSection.swift in Sources */,
				BA04709622F3D7ED00446C39 /* Post.swift in Sources */,
				BA25872122F4DFD1000B80D6 /* PostCollectionViewCell.swift in Sources */,
				4C8ECFE922F7911300100FD8 /* PaymentTableViewCell.swift in Sources */,
				F1EEDD5022E93E3D00DEC2E6 /* Restaurant.swift in Sources */,
				F1F8BD3122DD829C00075D33 /* FeedViewController.swift in Sources */,
				F12DDC7E22E57E13008114D7 /* SettingsLabelTableViewController.swift in Sources */,
				25C4ADC022E94C83007A7768 /* VisitedViewController.swift in Sources */,
				4C8ECFE722F7905900100FD8 /* Payment.swift in Sources */,
				4C8ECFE222F6806F00100FD8 /* TransactionHistory.swift in Sources */,
				4C8ECFE022F6803B00100FD8 /* HistoryTableViewCell.swift in Sources */,
				F1EEDD5222E93E4400DEC2E6 /* RestaurantTableViewCell.swift in Sources */,
				F1F8BD2F22DD829C00075D33 /* AppDelegate.swift in Sources */,
				4C3B45AE22EF60650040C2C4 /* ProfileTableViewController.swift in Sources */,
				251B4DBD22F78F630085BB76 /* Business.swift in Sources */,
				BA25871F22F41F2C000B80D6 /* ShopIconsCollectionViewCell.swift in Sources */,
				4C3B45A822EE5B740040C2C4 /* UserInfoHeader.swift in Sources */,
			);
			runOnlyForDeploymentPostprocessing = 0;
		};
		F1F8BD3B22DD82A300075D33 /* Sources */ = {
			isa = PBXSourcesBuildPhase;
			buildActionMask = 2147483647;
			files = (
				F1F8BD4422DD82A300075D33 /* KronaTests.swift in Sources */,
			);
			runOnlyForDeploymentPostprocessing = 0;
		};
		F1F8BD4622DD82A300075D33 /* Sources */ = {
			isa = PBXSourcesBuildPhase;
			buildActionMask = 2147483647;
			files = (
				F1F8BD4F22DD82A300075D33 /* KronaUITests.swift in Sources */,
			);
			runOnlyForDeploymentPostprocessing = 0;
		};
/* End PBXSourcesBuildPhase section */

/* Begin PBXTargetDependency section */
		F1F8BD4122DD82A300075D33 /* PBXTargetDependency */ = {
			isa = PBXTargetDependency;
			target = F1F8BD2A22DD829C00075D33 /* Krona */;
			targetProxy = F1F8BD4022DD82A300075D33 /* PBXContainerItemProxy */;
		};
		F1F8BD4C22DD82A300075D33 /* PBXTargetDependency */ = {
			isa = PBXTargetDependency;
			target = F1F8BD2A22DD829C00075D33 /* Krona */;
			targetProxy = F1F8BD4B22DD82A300075D33 /* PBXContainerItemProxy */;
		};
/* End PBXTargetDependency section */

/* Begin PBXVariantGroup section */
		F1F8BD3222DD829C00075D33 /* Main.storyboard */ = {
			isa = PBXVariantGroup;
			children = (
				F1F8BD3322DD829C00075D33 /* Base */,
			);
			name = Main.storyboard;
			sourceTree = "<group>";
		};
		F1F8BD3722DD82A300075D33 /* LaunchScreen.storyboard */ = {
			isa = PBXVariantGroup;
			children = (
				F1F8BD3822DD82A300075D33 /* Base */,
			);
			name = LaunchScreen.storyboard;
			sourceTree = "<group>";
		};
/* End PBXVariantGroup section */

/* Begin XCBuildConfiguration section */
		F1F8BD5122DD82A300075D33 /* Debug */ = {
			isa = XCBuildConfiguration;
			buildSettings = {
				ALWAYS_SEARCH_USER_PATHS = NO;
				CLANG_ANALYZER_NONNULL = YES;
				CLANG_ANALYZER_NUMBER_OBJECT_CONVERSION = YES_AGGRESSIVE;
				CLANG_CXX_LANGUAGE_STANDARD = "gnu++14";
				CLANG_CXX_LIBRARY = "libc++";
				CLANG_ENABLE_MODULES = YES;
				CLANG_ENABLE_OBJC_ARC = YES;
				CLANG_ENABLE_OBJC_WEAK = YES;
				CLANG_WARN_BLOCK_CAPTURE_AUTORELEASING = YES;
				CLANG_WARN_BOOL_CONVERSION = YES;
				CLANG_WARN_COMMA = YES;
				CLANG_WARN_CONSTANT_CONVERSION = YES;
				CLANG_WARN_DEPRECATED_OBJC_IMPLEMENTATIONS = YES;
				CLANG_WARN_DIRECT_OBJC_ISA_USAGE = YES_ERROR;
				CLANG_WARN_DOCUMENTATION_COMMENTS = YES;
				CLANG_WARN_EMPTY_BODY = YES;
				CLANG_WARN_ENUM_CONVERSION = YES;
				CLANG_WARN_INFINITE_RECURSION = YES;
				CLANG_WARN_INT_CONVERSION = YES;
				CLANG_WARN_NON_LITERAL_NULL_CONVERSION = YES;
				CLANG_WARN_OBJC_IMPLICIT_RETAIN_SELF = YES;
				CLANG_WARN_OBJC_LITERAL_CONVERSION = YES;
				CLANG_WARN_OBJC_ROOT_CLASS = YES_ERROR;
				CLANG_WARN_RANGE_LOOP_ANALYSIS = YES;
				CLANG_WARN_STRICT_PROTOTYPES = YES;
				CLANG_WARN_SUSPICIOUS_MOVE = YES;
				CLANG_WARN_UNGUARDED_AVAILABILITY = YES_AGGRESSIVE;
				CLANG_WARN_UNREACHABLE_CODE = YES;
				CLANG_WARN__DUPLICATE_METHOD_MATCH = YES;
				CODE_SIGN_IDENTITY = "iPhone Developer";
				COPY_PHASE_STRIP = NO;
				DEBUG_INFORMATION_FORMAT = dwarf;
				ENABLE_STRICT_OBJC_MSGSEND = YES;
				ENABLE_TESTABILITY = YES;
				GCC_C_LANGUAGE_STANDARD = gnu11;
				GCC_DYNAMIC_NO_PIC = NO;
				GCC_NO_COMMON_BLOCKS = YES;
				GCC_OPTIMIZATION_LEVEL = 0;
				GCC_PREPROCESSOR_DEFINITIONS = (
					"DEBUG=1",
					"$(inherited)",
				);
				GCC_WARN_64_TO_32_BIT_CONVERSION = YES;
				GCC_WARN_ABOUT_RETURN_TYPE = YES_ERROR;
				GCC_WARN_UNDECLARED_SELECTOR = YES;
				GCC_WARN_UNINITIALIZED_AUTOS = YES_AGGRESSIVE;
				GCC_WARN_UNUSED_FUNCTION = YES;
				GCC_WARN_UNUSED_VARIABLE = YES;
				IPHONEOS_DEPLOYMENT_TARGET = 12.2;
				MTL_ENABLE_DEBUG_INFO = INCLUDE_SOURCE;
				MTL_FAST_MATH = YES;
				ONLY_ACTIVE_ARCH = YES;
				SDKROOT = iphoneos;
				SWIFT_ACTIVE_COMPILATION_CONDITIONS = DEBUG;
				SWIFT_OPTIMIZATION_LEVEL = "-Onone";
			};
			name = Debug;
		};
		F1F8BD5222DD82A300075D33 /* Release */ = {
			isa = XCBuildConfiguration;
			buildSettings = {
				ALWAYS_SEARCH_USER_PATHS = NO;
				CLANG_ANALYZER_NONNULL = YES;
				CLANG_ANALYZER_NUMBER_OBJECT_CONVERSION = YES_AGGRESSIVE;
				CLANG_CXX_LANGUAGE_STANDARD = "gnu++14";
				CLANG_CXX_LIBRARY = "libc++";
				CLANG_ENABLE_MODULES = YES;
				CLANG_ENABLE_OBJC_ARC = YES;
				CLANG_ENABLE_OBJC_WEAK = YES;
				CLANG_WARN_BLOCK_CAPTURE_AUTORELEASING = YES;
				CLANG_WARN_BOOL_CONVERSION = YES;
				CLANG_WARN_COMMA = YES;
				CLANG_WARN_CONSTANT_CONVERSION = YES;
				CLANG_WARN_DEPRECATED_OBJC_IMPLEMENTATIONS = YES;
				CLANG_WARN_DIRECT_OBJC_ISA_USAGE = YES_ERROR;
				CLANG_WARN_DOCUMENTATION_COMMENTS = YES;
				CLANG_WARN_EMPTY_BODY = YES;
				CLANG_WARN_ENUM_CONVERSION = YES;
				CLANG_WARN_INFINITE_RECURSION = YES;
				CLANG_WARN_INT_CONVERSION = YES;
				CLANG_WARN_NON_LITERAL_NULL_CONVERSION = YES;
				CLANG_WARN_OBJC_IMPLICIT_RETAIN_SELF = YES;
				CLANG_WARN_OBJC_LITERAL_CONVERSION = YES;
				CLANG_WARN_OBJC_ROOT_CLASS = YES_ERROR;
				CLANG_WARN_RANGE_LOOP_ANALYSIS = YES;
				CLANG_WARN_STRICT_PROTOTYPES = YES;
				CLANG_WARN_SUSPICIOUS_MOVE = YES;
				CLANG_WARN_UNGUARDED_AVAILABILITY = YES_AGGRESSIVE;
				CLANG_WARN_UNREACHABLE_CODE = YES;
				CLANG_WARN__DUPLICATE_METHOD_MATCH = YES;
				CODE_SIGN_IDENTITY = "iPhone Developer";
				COPY_PHASE_STRIP = NO;
				DEBUG_INFORMATION_FORMAT = "dwarf-with-dsym";
				ENABLE_NS_ASSERTIONS = NO;
				ENABLE_STRICT_OBJC_MSGSEND = YES;
				GCC_C_LANGUAGE_STANDARD = gnu11;
				GCC_NO_COMMON_BLOCKS = YES;
				GCC_WARN_64_TO_32_BIT_CONVERSION = YES;
				GCC_WARN_ABOUT_RETURN_TYPE = YES_ERROR;
				GCC_WARN_UNDECLARED_SELECTOR = YES;
				GCC_WARN_UNINITIALIZED_AUTOS = YES_AGGRESSIVE;
				GCC_WARN_UNUSED_FUNCTION = YES;
				GCC_WARN_UNUSED_VARIABLE = YES;
				IPHONEOS_DEPLOYMENT_TARGET = 12.2;
				MTL_ENABLE_DEBUG_INFO = NO;
				MTL_FAST_MATH = YES;
				SDKROOT = iphoneos;
				SWIFT_COMPILATION_MODE = wholemodule;
				SWIFT_OPTIMIZATION_LEVEL = "-O";
				VALIDATE_PRODUCT = YES;
			};
			name = Release;
		};
		F1F8BD5422DD82A300075D33 /* Debug */ = {
			isa = XCBuildConfiguration;
			buildSettings = {
				ASSETCATALOG_COMPILER_APPICON_NAME = AppIcon;
				CODE_SIGN_STYLE = Automatic;
				INFOPLIST_FILE = Krona/Info.plist;
				LD_RUNPATH_SEARCH_PATHS = (
					"$(inherited)",
					"@executable_path/Frameworks",
				);
				PRODUCT_BUNDLE_IDENTIFIER = ktech.Krona;
				PRODUCT_NAME = "$(TARGET_NAME)";
				SWIFT_VERSION = 5.0;
				TARGETED_DEVICE_FAMILY = "1,2";
			};
			name = Debug;
		};
		F1F8BD5522DD82A300075D33 /* Release */ = {
			isa = XCBuildConfiguration;
			buildSettings = {
				ASSETCATALOG_COMPILER_APPICON_NAME = AppIcon;
				CODE_SIGN_STYLE = Automatic;
				INFOPLIST_FILE = Krona/Info.plist;
				LD_RUNPATH_SEARCH_PATHS = (
					"$(inherited)",
					"@executable_path/Frameworks",
				);
				PRODUCT_BUNDLE_IDENTIFIER = ktech.Krona;
				PRODUCT_NAME = "$(TARGET_NAME)";
				SWIFT_VERSION = 5.0;
				TARGETED_DEVICE_FAMILY = "1,2";
			};
			name = Release;
		};
		F1F8BD5722DD82A300075D33 /* Debug */ = {
			isa = XCBuildConfiguration;
			buildSettings = {
				ALWAYS_EMBED_SWIFT_STANDARD_LIBRARIES = YES;
				BUNDLE_LOADER = "$(TEST_HOST)";
				CODE_SIGN_STYLE = Automatic;
				INFOPLIST_FILE = KronaTests/Info.plist;
				LD_RUNPATH_SEARCH_PATHS = (
					"$(inherited)",
					"@executable_path/Frameworks",
					"@loader_path/Frameworks",
				);
				PRODUCT_BUNDLE_IDENTIFIER = ktech.KronaTests;
				PRODUCT_NAME = "$(TARGET_NAME)";
				SWIFT_VERSION = 5.0;
				TARGETED_DEVICE_FAMILY = "1,2";
				TEST_HOST = "$(BUILT_PRODUCTS_DIR)/Krona.app/Krona";
			};
			name = Debug;
		};
		F1F8BD5822DD82A300075D33 /* Release */ = {
			isa = XCBuildConfiguration;
			buildSettings = {
				ALWAYS_EMBED_SWIFT_STANDARD_LIBRARIES = YES;
				BUNDLE_LOADER = "$(TEST_HOST)";
				CODE_SIGN_STYLE = Automatic;
				INFOPLIST_FILE = KronaTests/Info.plist;
				LD_RUNPATH_SEARCH_PATHS = (
					"$(inherited)",
					"@executable_path/Frameworks",
					"@loader_path/Frameworks",
				);
				PRODUCT_BUNDLE_IDENTIFIER = ktech.KronaTests;
				PRODUCT_NAME = "$(TARGET_NAME)";
				SWIFT_VERSION = 5.0;
				TARGETED_DEVICE_FAMILY = "1,2";
				TEST_HOST = "$(BUILT_PRODUCTS_DIR)/Krona.app/Krona";
			};
			name = Release;
		};
		F1F8BD5A22DD82A300075D33 /* Debug */ = {
			isa = XCBuildConfiguration;
			buildSettings = {
				ALWAYS_EMBED_SWIFT_STANDARD_LIBRARIES = YES;
				CODE_SIGN_STYLE = Automatic;
				INFOPLIST_FILE = KronaUITests/Info.plist;
				LD_RUNPATH_SEARCH_PATHS = (
					"$(inherited)",
					"@executable_path/Frameworks",
					"@loader_path/Frameworks",
				);
				PRODUCT_BUNDLE_IDENTIFIER = ktech.KronaUITests;
				PRODUCT_NAME = "$(TARGET_NAME)";
				SWIFT_VERSION = 5.0;
				TARGETED_DEVICE_FAMILY = "1,2";
				TEST_TARGET_NAME = Krona;
			};
			name = Debug;
		};
		F1F8BD5B22DD82A300075D33 /* Release */ = {
			isa = XCBuildConfiguration;
			buildSettings = {
				ALWAYS_EMBED_SWIFT_STANDARD_LIBRARIES = YES;
				CODE_SIGN_STYLE = Automatic;
				INFOPLIST_FILE = KronaUITests/Info.plist;
				LD_RUNPATH_SEARCH_PATHS = (
					"$(inherited)",
					"@executable_path/Frameworks",
					"@loader_path/Frameworks",
				);
				PRODUCT_BUNDLE_IDENTIFIER = ktech.KronaUITests;
				PRODUCT_NAME = "$(TARGET_NAME)";
				SWIFT_VERSION = 5.0;
				TARGETED_DEVICE_FAMILY = "1,2";
				TEST_TARGET_NAME = Krona;
			};
			name = Release;
		};
/* End XCBuildConfiguration section */

/* Begin XCConfigurationList section */
		F1F8BD2622DD829C00075D33 /* Build configuration list for PBXProject "Krona" */ = {
			isa = XCConfigurationList;
			buildConfigurations = (
				F1F8BD5122DD82A300075D33 /* Debug */,
				F1F8BD5222DD82A300075D33 /* Release */,
			);
			defaultConfigurationIsVisible = 0;
			defaultConfigurationName = Release;
		};
		F1F8BD5322DD82A300075D33 /* Build configuration list for PBXNativeTarget "Krona" */ = {
			isa = XCConfigurationList;
			buildConfigurations = (
				F1F8BD5422DD82A300075D33 /* Debug */,
				F1F8BD5522DD82A300075D33 /* Release */,
			);
			defaultConfigurationIsVisible = 0;
			defaultConfigurationName = Release;
		};
		F1F8BD5622DD82A300075D33 /* Build configuration list for PBXNativeTarget "KronaTests" */ = {
			isa = XCConfigurationList;
			buildConfigurations = (
				F1F8BD5722DD82A300075D33 /* Debug */,
				F1F8BD5822DD82A300075D33 /* Release */,
			);
			defaultConfigurationIsVisible = 0;
			defaultConfigurationName = Release;
		};
		F1F8BD5922DD82A300075D33 /* Build configuration list for PBXNativeTarget "KronaUITests" */ = {
			isa = XCConfigurationList;
			buildConfigurations = (
				F1F8BD5A22DD82A300075D33 /* Debug */,
				F1F8BD5B22DD82A300075D33 /* Release */,
			);
			defaultConfigurationIsVisible = 0;
			defaultConfigurationName = Release;
		};
/* End XCConfigurationList section */
	};
	rootObject = F1F8BD2322DD829C00075D33 /* Project object */;
}
